
Microsoft Visual Studio Solution File, Format Version 12.00
# Visual Studio Version 16
VisualStudioVersion = 16.0.30225.117
MinimumVisualStudioVersion = 10.0.40219.1
Project("{2150E333-8FDC-42A3-9474-1A3956D46DE8}") = "BuildingBlocks", "BuildingBlocks", "{14700AC9-CF0E-40B9-99F9-ADB102E0BD20}"
EndProject
Project("{FAE04EC0-301F-11D3-BF4B-00C04F79EFBC}") = "Domain", "BuildingBlocks\Domain\Domain.csproj", "{4CA1E82C-FAC3-4D96-B3AC-2A062663D0D5}"
EndProject
Global
	GlobalSection(SolutionConfigurationPlatforms) = preSolution
		Debug|Any CPU = Debug|Any CPU
		Release|Any CPU = Release|Any CPU
	EndGlobalSection
	GlobalSection(ProjectConfigurationPlatforms) = postSolution
		{4CA1E82C-FAC3-4D96-B3AC-2A062663D0D5}.Debug|Any CPU.ActiveCfg = Debug|Any CPU
		{4CA1E82C-FAC3-4D96-B3AC-2A062663D0D5}.Debug|Any CPU.Build.0 = Debug|Any CPU
		{4CA1E82C-FAC3-4D96-B3AC-2A062663D0D5}.Release|Any CPU.ActiveCfg = Release|Any CPU
		{4CA1E82C-FAC3-4D96-B3AC-2A062663D0D5}.Release|Any CPU.Build.0 = Release|Any CPU
	EndGlobalSection
	GlobalSection(SolutionProperties) = preSolution
		HideSolutionNode = FALSE
	EndGlobalSection
	GlobalSection(NestedProjects) = preSolution
		{4CA1E82C-FAC3-4D96-B3AC-2A062663D0D5} = {14700AC9-CF0E-40B9-99F9-ADB102E0BD20}
	EndGlobalSection
	GlobalSection(ExtensibilityGlobals) = postSolution
		SolutionGuid = {B8376F5E-C33A-4076-AACF-C4994F52BC54}
	EndGlobalSection
EndGlobal
